
Microsoft Visual Studio Solution File, Format Version 12.00
# Visual Studio Version 17
VisualStudioVersion = 17.0.32014.148
MinimumVisualStudioVersion = 10.0.40219.1
Project("{FAE04EC0-301F-11D3-BF4B-00C04F79EFBC}") = "ApplicationAPI", "ApplicationAPI\ApplicationAPI.csproj", "{60BC78E6-C1FB-463E-8CC7-A8716F1E2496}"
EndProject
Project("{FAE04EC0-301F-11D3-BF4B-00C04F79EFBC}") = "Domain", "Domain\Domain.csproj", "{CF5129DE-F2D8-45D9-88FB-A11975F51090}"
EndProject
Project("{FAE04EC0-301F-11D3-BF4B-00C04F79EFBC}") = "Infrastructure", "Infrastructure\Infrastructure.csproj", "{B5BADE88-4F9E-4EE5-8F65-68611CFB25DF}"
EndProject
Global
	GlobalSection(SolutionConfigurationPlatforms) = preSolution
		Debug|Any CPU = Debug|Any CPU
		Release|Any CPU = Release|Any CPU
	EndGlobalSection
	GlobalSection(ProjectConfigurationPlatforms) = postSolution
		{60BC78E6-C1FB-463E-8CC7-A8716F1E2496}.Debug|Any CPU.ActiveCfg = Debug|Any CPU
		{60BC78E6-C1FB-463E-8CC7-A8716F1E2496}.Debug|Any CPU.Build.0 = Debug|Any CPU
		{60BC78E6-C1FB-463E-8CC7-A8716F1E2496}.Release|Any CPU.ActiveCfg = Release|Any CPU
		{60BC78E6-C1FB-463E-8CC7-A8716F1E2496}.Release|Any CPU.Build.0 = Release|Any CPU
		{CF5129DE-F2D8-45D9-88FB-A11975F51090}.Debug|Any CPU.ActiveCfg = Debug|Any CPU
		{CF5129DE-F2D8-45D9-88FB-A11975F51090}.Debug|Any CPU.Build.0 = Debug|Any CPU
		{CF5129DE-F2D8-45D9-88FB-A11975F51090}.Release|Any CPU.ActiveCfg = Release|Any CPU
		{CF5129DE-F2D8-45D9-88FB-A11975F51090}.Release|Any CPU.Build.0 = Release|Any CPU
		{B5BADE88-4F9E-4EE5-8F65-68611CFB25DF}.Debug|Any CPU.ActiveCfg = Debug|Any CPU
		{B5BADE88-4F9E-4EE5-8F65-68611CFB25DF}.Debug|Any CPU.Build.0 = Debug|Any CPU
		{B5BADE88-4F9E-4EE5-8F65-68611CFB25DF}.Release|Any CPU.ActiveCfg = Release|Any CPU
		{B5BADE88-4F9E-4EE5-8F65-68611CFB25DF}.Release|Any CPU.Build.0 = Release|Any CPU
	EndGlobalSection
	GlobalSection(SolutionProperties) = preSolution
		HideSolutionNode = FALSE
	EndGlobalSection
	GlobalSection(ExtensibilityGlobals) = postSolution
		SolutionGuid = {5F8EA187-8DB8-46B0-9BA4-6062561166A3}
	EndGlobalSection
EndGlobal
